
Microsoft Visual Studio Solution File, Format Version 12.00
# Visual Studio 14
VisualStudioVersion = 14.0.25123.0
MinimumVisualStudioVersion = 10.0.40219.1
Project("{FAE04EC0-301F-11D3-BF4B-00C04F79EFBC}") = "ksamarin", "ksamarin\ksamarin.csproj", "{EDC424BC-2DBD-464D-AD89-BCF44572A7D0}"
EndProject
Project("{FAE04EC0-301F-11D3-BF4B-00C04F79EFBC}") = "wuni", "wuni\wuni.csproj", "{C9A900BF-2793-4839-93B8-9D49CA745376}"
EndProject
Project("{FAE04EC0-301F-11D3-BF4B-00C04F79EFBC}") = "XFApp", "XFApp\XFApp\XFApp.csproj", "{0293E9EE-1FFC-4E97-91FD-54388B969E1E}"
EndProject
Project("{FAE04EC0-301F-11D3-BF4B-00C04F79EFBC}") = "XFApp.Droid", "XFApp\XFApp.Droid\XFApp.Droid.csproj", "{182C0643-48F5-47BA-9C66-4BF0FD833B1E}"
EndProject
Project("{FAE04EC0-301F-11D3-BF4B-00C04F79EFBC}") = "XFApp.iOS", "XFApp\XFApp.iOS\XFApp.iOS.csproj", "{F74C7240-2B31-4EF5-A859-74A564B6F12A}"
EndProject
Project("{FAE04EC0-301F-11D3-BF4B-00C04F79EFBC}") = "XFApp.UWP", "XFApp\XFApp.UWP\XFApp.UWP.csproj", "{EFB743B7-C89C-425E-A839-A22D2372B1B9}"
EndProject
Project("{FAE04EC0-301F-11D3-BF4B-00C04F79EFBC}") = "XFApp.Windows", "XFApp\XFApp.Windows\XFApp.Windows.csproj", "{C9D6A982-46F3-4FFF-A739-58EA8A7DBE0D}"
EndProject
Project("{FAE04EC0-301F-11D3-BF4B-00C04F79EFBC}") = "XFApp.WinPhone", "XFApp\XFApp.WinPhone\XFApp.WinPhone.csproj", "{387766BA-1F2C-4359-974D-5C980BBC467B}"
EndProject
Project("{2150E333-8FDC-42A3-9474-1A3956D46DE8}") = "Solution Items", "Solution Items", "{7793B5FA-C4F1-4FC3-8BC4-91B8128DD554}"
	ProjectSection(SolutionItems) = preProject
		..\README.md = ..\README.md
	EndProjectSection
EndProject
Global
	GlobalSection(SolutionConfigurationPlatforms) = preSolution
		Ad-Hoc|Any CPU = Ad-Hoc|Any CPU
		Ad-Hoc|ARM = Ad-Hoc|ARM
		Ad-Hoc|iPhone = Ad-Hoc|iPhone
		Ad-Hoc|iPhoneSimulator = Ad-Hoc|iPhoneSimulator
		Ad-Hoc|x64 = Ad-Hoc|x64
		Ad-Hoc|x86 = Ad-Hoc|x86
		AppStore|Any CPU = AppStore|Any CPU
		AppStore|ARM = AppStore|ARM
		AppStore|iPhone = AppStore|iPhone
		AppStore|iPhoneSimulator = AppStore|iPhoneSimulator
		AppStore|x64 = AppStore|x64
		AppStore|x86 = AppStore|x86
		Beta|Any CPU = Beta|Any CPU
		Beta|ARM = Beta|ARM
		Beta|iPhone = Beta|iPhone
		Beta|iPhoneSimulator = Beta|iPhoneSimulator
		Beta|x64 = Beta|x64
		Beta|x86 = Beta|x86
		Debug|Any CPU = Debug|Any CPU
		Debug|ARM = Debug|ARM
		Debug|iPhone = Debug|iPhone
		Debug|iPhoneSimulator = Debug|iPhoneSimulator
		Debug|x64 = Debug|x64
		Debug|x86 = Debug|x86
		Release|Any CPU = Release|Any CPU
		Release|ARM = Release|ARM
		Release|iPhone = Release|iPhone
		Release|iPhoneSimulator = Release|iPhoneSimulator
		Release|x64 = Release|x64
		Release|x86 = Release|x86
	EndGlobalSection
	GlobalSection(ProjectConfigurationPlatforms) = postSolution
		{EDC424BC-2DBD-464D-AD89-BCF44572A7D0}.Ad-Hoc|Any CPU.ActiveCfg = Release|Any CPU
		{EDC424BC-2DBD-464D-AD89-BCF44572A7D0}.Ad-Hoc|Any CPU.Build.0 = Release|Any CPU
		{EDC424BC-2DBD-464D-AD89-BCF44572A7D0}.Ad-Hoc|Any CPU.Deploy.0 = Release|Any CPU
		{EDC424BC-2DBD-464D-AD89-BCF44572A7D0}.Ad-Hoc|ARM.ActiveCfg = Release|Any CPU
		{EDC424BC-2DBD-464D-AD89-BCF44572A7D0}.Ad-Hoc|ARM.Build.0 = Release|Any CPU
		{EDC424BC-2DBD-464D-AD89-BCF44572A7D0}.Ad-Hoc|ARM.Deploy.0 = Release|Any CPU
		{EDC424BC-2DBD-464D-AD89-BCF44572A7D0}.Ad-Hoc|iPhone.ActiveCfg = Release|Any CPU
		{EDC424BC-2DBD-464D-AD89-BCF44572A7D0}.Ad-Hoc|iPhone.Build.0 = Release|Any CPU
		{EDC424BC-2DBD-464D-AD89-BCF44572A7D0}.Ad-Hoc|iPhone.Deploy.0 = Release|Any CPU
		{EDC424BC-2DBD-464D-AD89-BCF44572A7D0}.Ad-Hoc|iPhoneSimulator.ActiveCfg = Release|Any CPU
		{EDC424BC-2DBD-464D-AD89-BCF44572A7D0}.Ad-Hoc|iPhoneSimulator.Build.0 = Release|Any CPU
		{EDC424BC-2DBD-464D-AD89-BCF44572A7D0}.Ad-Hoc|iPhoneSimulator.Deploy.0 = Release|Any CPU
		{EDC424BC-2DBD-464D-AD89-BCF44572A7D0}.Ad-Hoc|x64.ActiveCfg = Release|Any CPU
		{EDC424BC-2DBD-464D-AD89-BCF44572A7D0}.Ad-Hoc|x64.Build.0 = Release|Any CPU
		{EDC424BC-2DBD-464D-AD89-BCF44572A7D0}.Ad-Hoc|x64.Deploy.0 = Release|Any CPU
		{EDC424BC-2DBD-464D-AD89-BCF44572A7D0}.Ad-Hoc|x86.ActiveCfg = Release|Any CPU
		{EDC424BC-2DBD-464D-AD89-BCF44572A7D0}.Ad-Hoc|x86.Build.0 = Release|Any CPU
		{EDC424BC-2DBD-464D-AD89-BCF44572A7D0}.Ad-Hoc|x86.Deploy.0 = Release|Any CPU
		{EDC424BC-2DBD-464D-AD89-BCF44572A7D0}.AppStore|Any CPU.ActiveCfg = Release|Any CPU
		{EDC424BC-2DBD-464D-AD89-BCF44572A7D0}.AppStore|Any CPU.Build.0 = Release|Any CPU
		{EDC424BC-2DBD-464D-AD89-BCF44572A7D0}.AppStore|Any CPU.Deploy.0 = Release|Any CPU
		{EDC424BC-2DBD-464D-AD89-BCF44572A7D0}.AppStore|ARM.ActiveCfg = Release|Any CPU
		{EDC424BC-2DBD-464D-AD89-BCF44572A7D0}.AppStore|ARM.Build.0 = Release|Any CPU
		{EDC424BC-2DBD-464D-AD89-BCF44572A7D0}.AppStore|ARM.Deploy.0 = Release|Any CPU
		{EDC424BC-2DBD-464D-AD89-BCF44572A7D0}.AppStore|iPhone.ActiveCfg = Release|Any CPU
		{EDC424BC-2DBD-464D-AD89-BCF44572A7D0}.AppStore|iPhone.Build.0 = Release|Any CPU
		{EDC424BC-2DBD-464D-AD89-BCF44572A7D0}.AppStore|iPhone.Deploy.0 = Release|Any CPU
		{EDC424BC-2DBD-464D-AD89-BCF44572A7D0}.AppStore|iPhoneSimulator.ActiveCfg = Release|Any CPU
		{EDC424BC-2DBD-464D-AD89-BCF44572A7D0}.AppStore|iPhoneSimulator.Build.0 = Release|Any CPU
		{EDC424BC-2DBD-464D-AD89-BCF44572A7D0}.AppStore|iPhoneSimulator.Deploy.0 = Release|Any CPU
		{EDC424BC-2DBD-464D-AD89-BCF44572A7D0}.AppStore|x64.ActiveCfg = Release|Any CPU
		{EDC424BC-2DBD-464D-AD89-BCF44572A7D0}.AppStore|x64.Build.0 = Release|Any CPU
		{EDC424BC-2DBD-464D-AD89-BCF44572A7D0}.AppStore|x64.Deploy.0 = Release|Any CPU
		{EDC424BC-2DBD-464D-AD89-BCF44572A7D0}.AppStore|x86.ActiveCfg = Release|Any CPU
		{EDC424BC-2DBD-464D-AD89-BCF44572A7D0}.AppStore|x86.Build.0 = Release|Any CPU
		{EDC424BC-2DBD-464D-AD89-BCF44572A7D0}.AppStore|x86.Deploy.0 = Release|Any CPU
		{EDC424BC-2DBD-464D-AD89-BCF44572A7D0}.Beta|Any CPU.ActiveCfg = Beta|Any CPU
		{EDC424BC-2DBD-464D-AD89-BCF44572A7D0}.Beta|Any CPU.Build.0 = Beta|Any CPU
		{EDC424BC-2DBD-464D-AD89-BCF44572A7D0}.Beta|Any CPU.Deploy.0 = Beta|Any CPU
		{EDC424BC-2DBD-464D-AD89-BCF44572A7D0}.Beta|ARM.ActiveCfg = Beta|Any CPU
		{EDC424BC-2DBD-464D-AD89-BCF44572A7D0}.Beta|ARM.Build.0 = Beta|Any CPU
		{EDC424BC-2DBD-464D-AD89-BCF44572A7D0}.Beta|ARM.Deploy.0 = Beta|Any CPU
		{EDC424BC-2DBD-464D-AD89-BCF44572A7D0}.Beta|iPhone.ActiveCfg = Beta|Any CPU
		{EDC424BC-2DBD-464D-AD89-BCF44572A7D0}.Beta|iPhone.Build.0 = Beta|Any CPU
		{EDC424BC-2DBD-464D-AD89-BCF44572A7D0}.Beta|iPhone.Deploy.0 = Beta|Any CPU
		{EDC424BC-2DBD-464D-AD89-BCF44572A7D0}.Beta|iPhoneSimulator.ActiveCfg = Beta|Any CPU
		{EDC424BC-2DBD-464D-AD89-BCF44572A7D0}.Beta|iPhoneSimulator.Build.0 = Beta|Any CPU
		{EDC424BC-2DBD-464D-AD89-BCF44572A7D0}.Beta|iPhoneSimulator.Deploy.0 = Beta|Any CPU
		{EDC424BC-2DBD-464D-AD89-BCF44572A7D0}.Beta|x64.ActiveCfg = Beta|Any CPU
		{EDC424BC-2DBD-464D-AD89-BCF44572A7D0}.Beta|x64.Build.0 = Beta|Any CPU
		{EDC424BC-2DBD-464D-AD89-BCF44572A7D0}.Beta|x64.Deploy.0 = Beta|Any CPU
		{EDC424BC-2DBD-464D-AD89-BCF44572A7D0}.Beta|x86.ActiveCfg = Beta|Any CPU
		{EDC424BC-2DBD-464D-AD89-BCF44572A7D0}.Beta|x86.Build.0 = Beta|Any CPU
		{EDC424BC-2DBD-464D-AD89-BCF44572A7D0}.Beta|x86.Deploy.0 = Beta|Any CPU
		{EDC424BC-2DBD-464D-AD89-BCF44572A7D0}.Debug|Any CPU.ActiveCfg = Debug|Any CPU
		{EDC424BC-2DBD-464D-AD89-BCF44572A7D0}.Debug|Any CPU.Build.0 = Debug|Any CPU
		{EDC424BC-2DBD-464D-AD89-BCF44572A7D0}.Debug|Any CPU.Deploy.0 = Debug|Any CPU
		{EDC424BC-2DBD-464D-AD89-BCF44572A7D0}.Debug|ARM.ActiveCfg = Debug|Any CPU
		{EDC424BC-2DBD-464D-AD89-BCF44572A7D0}.Debug|ARM.Build.0 = Debug|Any CPU
		{EDC424BC-2DBD-464D-AD89-BCF44572A7D0}.Debug|ARM.Deploy.0 = Debug|Any CPU
		{EDC424BC-2DBD-464D-AD89-BCF44572A7D0}.Debug|iPhone.ActiveCfg = Debug|Any CPU
		{EDC424BC-2DBD-464D-AD89-BCF44572A7D0}.Debug|iPhone.Build.0 = Debug|Any CPU
		{EDC424BC-2DBD-464D-AD89-BCF44572A7D0}.Debug|iPhone.Deploy.0 = Debug|Any CPU
		{EDC424BC-2DBD-464D-AD89-BCF44572A7D0}.Debug|iPhoneSimulator.ActiveCfg = Debug|Any CPU
		{EDC424BC-2DBD-464D-AD89-BCF44572A7D0}.Debug|iPhoneSimulator.Build.0 = Debug|Any CPU
		{EDC424BC-2DBD-464D-AD89-BCF44572A7D0}.Debug|iPhoneSimulator.Deploy.0 = Debug|Any CPU
		{EDC424BC-2DBD-464D-AD89-BCF44572A7D0}.Debug|x64.ActiveCfg = Debug|Any CPU
		{EDC424BC-2DBD-464D-AD89-BCF44572A7D0}.Debug|x64.Build.0 = Debug|Any CPU
		{EDC424BC-2DBD-464D-AD89-BCF44572A7D0}.Debug|x64.Deploy.0 = Debug|Any CPU
		{EDC424BC-2DBD-464D-AD89-BCF44572A7D0}.Debug|x86.ActiveCfg = Debug|Any CPU
		{EDC424BC-2DBD-464D-AD89-BCF44572A7D0}.Debug|x86.Build.0 = Debug|Any CPU
		{EDC424BC-2DBD-464D-AD89-BCF44572A7D0}.Debug|x86.Deploy.0 = Debug|Any CPU
		{EDC424BC-2DBD-464D-AD89-BCF44572A7D0}.Release|Any CPU.ActiveCfg = Release|Any CPU
		{EDC424BC-2DBD-464D-AD89-BCF44572A7D0}.Release|Any CPU.Build.0 = Release|Any CPU
		{EDC424BC-2DBD-464D-AD89-BCF44572A7D0}.Release|Any CPU.Deploy.0 = Release|Any CPU
		{EDC424BC-2DBD-464D-AD89-BCF44572A7D0}.Release|ARM.ActiveCfg = Release|Any CPU
		{EDC424BC-2DBD-464D-AD89-BCF44572A7D0}.Release|ARM.Build.0 = Release|Any CPU
		{EDC424BC-2DBD-464D-AD89-BCF44572A7D0}.Release|ARM.Deploy.0 = Release|Any CPU
		{EDC424BC-2DBD-464D-AD89-BCF44572A7D0}.Release|iPhone.ActiveCfg = Release|Any CPU
		{EDC424BC-2DBD-464D-AD89-BCF44572A7D0}.Release|iPhone.Build.0 = Release|Any CPU
		{EDC424BC-2DBD-464D-AD89-BCF44572A7D0}.Release|iPhone.Deploy.0 = Release|Any CPU
		{EDC424BC-2DBD-464D-AD89-BCF44572A7D0}.Release|iPhoneSimulator.ActiveCfg = Release|Any CPU
		{EDC424BC-2DBD-464D-AD89-BCF44572A7D0}.Release|iPhoneSimulator.Build.0 = Release|Any CPU
		{EDC424BC-2DBD-464D-AD89-BCF44572A7D0}.Release|iPhoneSimulator.Deploy.0 = Release|Any CPU
		{EDC424BC-2DBD-464D-AD89-BCF44572A7D0}.Release|x64.ActiveCfg = Release|Any CPU
		{EDC424BC-2DBD-464D-AD89-BCF44572A7D0}.Release|x64.Build.0 = Release|Any CPU
		{EDC424BC-2DBD-464D-AD89-BCF44572A7D0}.Release|x64.Deploy.0 = Release|Any CPU
		{EDC424BC-2DBD-464D-AD89-BCF44572A7D0}.Release|x86.ActiveCfg = Release|Any CPU
		{EDC424BC-2DBD-464D-AD89-BCF44572A7D0}.Release|x86.Build.0 = Release|Any CPU
		{EDC424BC-2DBD-464D-AD89-BCF44572A7D0}.Release|x86.Deploy.0 = Release|Any CPU
		{C9A900BF-2793-4839-93B8-9D49CA745376}.Ad-Hoc|Any CPU.ActiveCfg = Release|x64
		{C9A900BF-2793-4839-93B8-9D49CA745376}.Ad-Hoc|Any CPU.Build.0 = Release|x64
		{C9A900BF-2793-4839-93B8-9D49CA745376}.Ad-Hoc|Any CPU.Deploy.0 = Release|x64
		{C9A900BF-2793-4839-93B8-9D49CA745376}.Ad-Hoc|ARM.ActiveCfg = Release|ARM
		{C9A900BF-2793-4839-93B8-9D49CA745376}.Ad-Hoc|ARM.Build.0 = Release|ARM
		{C9A900BF-2793-4839-93B8-9D49CA745376}.Ad-Hoc|ARM.Deploy.0 = Release|ARM
		{C9A900BF-2793-4839-93B8-9D49CA745376}.Ad-Hoc|iPhone.ActiveCfg = Release|x64
		{C9A900BF-2793-4839-93B8-9D49CA745376}.Ad-Hoc|iPhone.Build.0 = Release|x64
		{C9A900BF-2793-4839-93B8-9D49CA745376}.Ad-Hoc|iPhone.Deploy.0 = Release|x64
		{C9A900BF-2793-4839-93B8-9D49CA745376}.Ad-Hoc|iPhoneSimulator.ActiveCfg = Release|x64
		{C9A900BF-2793-4839-93B8-9D49CA745376}.Ad-Hoc|iPhoneSimulator.Build.0 = Release|x64
		{C9A900BF-2793-4839-93B8-9D49CA745376}.Ad-Hoc|iPhoneSimulator.Deploy.0 = Release|x64
		{C9A900BF-2793-4839-93B8-9D49CA745376}.Ad-Hoc|x64.ActiveCfg = Release|x64
		{C9A900BF-2793-4839-93B8-9D49CA745376}.Ad-Hoc|x64.Build.0 = Release|x64
		{C9A900BF-2793-4839-93B8-9D49CA745376}.Ad-Hoc|x64.Deploy.0 = Release|x64
		{C9A900BF-2793-4839-93B8-9D49CA745376}.Ad-Hoc|x86.ActiveCfg = Release|x86
		{C9A900BF-2793-4839-93B8-9D49CA745376}.Ad-Hoc|x86.Build.0 = Release|x86
		{C9A900BF-2793-4839-93B8-9D49CA745376}.Ad-Hoc|x86.Deploy.0 = Release|x86
		{C9A900BF-2793-4839-93B8-9D49CA745376}.AppStore|Any CPU.ActiveCfg = Release|x64
		{C9A900BF-2793-4839-93B8-9D49CA745376}.AppStore|Any CPU.Build.0 = Release|x64
		{C9A900BF-2793-4839-93B8-9D49CA745376}.AppStore|Any CPU.Deploy.0 = Release|x64
		{C9A900BF-2793-4839-93B8-9D49CA745376}.AppStore|ARM.ActiveCfg = Release|ARM
		{C9A900BF-2793-4839-93B8-9D49CA745376}.AppStore|ARM.Build.0 = Release|ARM
		{C9A900BF-2793-4839-93B8-9D49CA745376}.AppStore|ARM.Deploy.0 = Release|ARM
		{C9A900BF-2793-4839-93B8-9D49CA745376}.AppStore|iPhone.ActiveCfg = Release|x64
		{C9A900BF-2793-4839-93B8-9D49CA745376}.AppStore|iPhone.Build.0 = Release|x64
		{C9A900BF-2793-4839-93B8-9D49CA745376}.AppStore|iPhone.Deploy.0 = Release|x64
		{C9A900BF-2793-4839-93B8-9D49CA745376}.AppStore|iPhoneSimulator.ActiveCfg = Release|x64
		{C9A900BF-2793-4839-93B8-9D49CA745376}.AppStore|iPhoneSimulator.Build.0 = Release|x64
		{C9A900BF-2793-4839-93B8-9D49CA745376}.AppStore|iPhoneSimulator.Deploy.0 = Release|x64
		{C9A900BF-2793-4839-93B8-9D49CA745376}.AppStore|x64.ActiveCfg = Release|x64
		{C9A900BF-2793-4839-93B8-9D49CA745376}.AppStore|x64.Build.0 = Release|x64
		{C9A900BF-2793-4839-93B8-9D49CA745376}.AppStore|x64.Deploy.0 = Release|x64
		{C9A900BF-2793-4839-93B8-9D49CA745376}.AppStore|x86.ActiveCfg = Release|x86
		{C9A900BF-2793-4839-93B8-9D49CA745376}.AppStore|x86.Build.0 = Release|x86
		{C9A900BF-2793-4839-93B8-9D49CA745376}.AppStore|x86.Deploy.0 = Release|x86
		{C9A900BF-2793-4839-93B8-9D49CA745376}.Beta|Any CPU.ActiveCfg = Beta|x86
		{C9A900BF-2793-4839-93B8-9D49CA745376}.Beta|ARM.ActiveCfg = Beta|ARM
		{C9A900BF-2793-4839-93B8-9D49CA745376}.Beta|ARM.Deploy.0 = Beta|ARM
		{C9A900BF-2793-4839-93B8-9D49CA745376}.Beta|iPhone.ActiveCfg = Beta|x86
		{C9A900BF-2793-4839-93B8-9D49CA745376}.Beta|iPhoneSimulator.ActiveCfg = Beta|x86
		{C9A900BF-2793-4839-93B8-9D49CA745376}.Beta|x64.ActiveCfg = Beta|x64
		{C9A900BF-2793-4839-93B8-9D49CA745376}.Beta|x64.Deploy.0 = Beta|x64
		{C9A900BF-2793-4839-93B8-9D49CA745376}.Beta|x86.ActiveCfg = Beta|x86
		{C9A900BF-2793-4839-93B8-9D49CA745376}.Beta|x86.Deploy.0 = Beta|x86
		{C9A900BF-2793-4839-93B8-9D49CA745376}.Debug|Any CPU.ActiveCfg = Debug|x86
		{C9A900BF-2793-4839-93B8-9D49CA745376}.Debug|ARM.ActiveCfg = Debug|ARM
		{C9A900BF-2793-4839-93B8-9D49CA745376}.Debug|ARM.Build.0 = Debug|ARM
		{C9A900BF-2793-4839-93B8-9D49CA745376}.Debug|ARM.Deploy.0 = Debug|ARM
		{C9A900BF-2793-4839-93B8-9D49CA745376}.Debug|iPhone.ActiveCfg = Debug|x86
		{C9A900BF-2793-4839-93B8-9D49CA745376}.Debug|iPhoneSimulator.ActiveCfg = Debug|x86
		{C9A900BF-2793-4839-93B8-9D49CA745376}.Debug|x64.ActiveCfg = Debug|x64
		{C9A900BF-2793-4839-93B8-9D49CA745376}.Debug|x64.Build.0 = Debug|x64
		{C9A900BF-2793-4839-93B8-9D49CA745376}.Debug|x64.Deploy.0 = Debug|x64
		{C9A900BF-2793-4839-93B8-9D49CA745376}.Debug|x86.ActiveCfg = Debug|x86
		{C9A900BF-2793-4839-93B8-9D49CA745376}.Debug|x86.Build.0 = Debug|x86
		{C9A900BF-2793-4839-93B8-9D49CA745376}.Debug|x86.Deploy.0 = Debug|x86
		{C9A900BF-2793-4839-93B8-9D49CA745376}.Release|Any CPU.ActiveCfg = Release|x86
		{C9A900BF-2793-4839-93B8-9D49CA745376}.Release|ARM.ActiveCfg = Release|ARM
		{C9A900BF-2793-4839-93B8-9D49CA745376}.Release|ARM.Build.0 = Release|ARM
		{C9A900BF-2793-4839-93B8-9D49CA745376}.Release|ARM.Deploy.0 = Release|ARM
		{C9A900BF-2793-4839-93B8-9D49CA745376}.Release|iPhone.ActiveCfg = Release|x86
		{C9A900BF-2793-4839-93B8-9D49CA745376}.Release|iPhoneSimulator.ActiveCfg = Release|x86
		{C9A900BF-2793-4839-93B8-9D49CA745376}.Release|x64.ActiveCfg = Release|x64
		{C9A900BF-2793-4839-93B8-9D49CA745376}.Release|x64.Build.0 = Release|x64
		{C9A900BF-2793-4839-93B8-9D49CA745376}.Release|x64.Deploy.0 = Release|x64
		{C9A900BF-2793-4839-93B8-9D49CA745376}.Release|x86.ActiveCfg = Release|x86
		{C9A900BF-2793-4839-93B8-9D49CA745376}.Release|x86.Build.0 = Release|x86
		{C9A900BF-2793-4839-93B8-9D49CA745376}.Release|x86.Deploy.0 = Release|x86
		{0293E9EE-1FFC-4E97-91FD-54388B969E1E}.Ad-Hoc|Any CPU.ActiveCfg = Release|Any CPU
		{0293E9EE-1FFC-4E97-91FD-54388B969E1E}.Ad-Hoc|Any CPU.Build.0 = Release|Any CPU
		{0293E9EE-1FFC-4E97-91FD-54388B969E1E}.Ad-Hoc|ARM.ActiveCfg = Release|Any CPU
		{0293E9EE-1FFC-4E97-91FD-54388B969E1E}.Ad-Hoc|ARM.Build.0 = Release|Any CPU
		{0293E9EE-1FFC-4E97-91FD-54388B969E1E}.Ad-Hoc|iPhone.ActiveCfg = Release|Any CPU
		{0293E9EE-1FFC-4E97-91FD-54388B969E1E}.Ad-Hoc|iPhone.Build.0 = Release|Any CPU
		{0293E9EE-1FFC-4E97-91FD-54388B969E1E}.Ad-Hoc|iPhoneSimulator.ActiveCfg = Release|Any CPU
		{0293E9EE-1FFC-4E97-91FD-54388B969E1E}.Ad-Hoc|iPhoneSimulator.Build.0 = Release|Any CPU
		{0293E9EE-1FFC-4E97-91FD-54388B969E1E}.Ad-Hoc|x64.ActiveCfg = Release|Any CPU
		{0293E9EE-1FFC-4E97-91FD-54388B969E1E}.Ad-Hoc|x64.Build.0 = Release|Any CPU
		{0293E9EE-1FFC-4E97-91FD-54388B969E1E}.Ad-Hoc|x86.ActiveCfg = Release|Any CPU
		{0293E9EE-1FFC-4E97-91FD-54388B969E1E}.Ad-Hoc|x86.Build.0 = Release|Any CPU
		{0293E9EE-1FFC-4E97-91FD-54388B969E1E}.AppStore|Any CPU.ActiveCfg = Release|Any CPU
		{0293E9EE-1FFC-4E97-91FD-54388B969E1E}.AppStore|Any CPU.Build.0 = Release|Any CPU
		{0293E9EE-1FFC-4E97-91FD-54388B969E1E}.AppStore|ARM.ActiveCfg = Release|Any CPU
		{0293E9EE-1FFC-4E97-91FD-54388B969E1E}.AppStore|ARM.Build.0 = Release|Any CPU
		{0293E9EE-1FFC-4E97-91FD-54388B969E1E}.AppStore|iPhone.ActiveCfg = Release|Any CPU
		{0293E9EE-1FFC-4E97-91FD-54388B969E1E}.AppStore|iPhone.Build.0 = Release|Any CPU
		{0293E9EE-1FFC-4E97-91FD-54388B969E1E}.AppStore|iPhoneSimulator.ActiveCfg = Release|Any CPU
		{0293E9EE-1FFC-4E97-91FD-54388B969E1E}.AppStore|iPhoneSimulator.Build.0 = Release|Any CPU
		{0293E9EE-1FFC-4E97-91FD-54388B969E1E}.AppStore|x64.ActiveCfg = Release|Any CPU
		{0293E9EE-1FFC-4E97-91FD-54388B969E1E}.AppStore|x64.Build.0 = Release|Any CPU
		{0293E9EE-1FFC-4E97-91FD-54388B969E1E}.AppStore|x86.ActiveCfg = Release|Any CPU
		{0293E9EE-1FFC-4E97-91FD-54388B969E1E}.AppStore|x86.Build.0 = Release|Any CPU
		{0293E9EE-1FFC-4E97-91FD-54388B969E1E}.Beta|Any CPU.ActiveCfg = Beta|Any CPU
		{0293E9EE-1FFC-4E97-91FD-54388B969E1E}.Beta|Any CPU.Build.0 = Beta|Any CPU
		{0293E9EE-1FFC-4E97-91FD-54388B969E1E}.Beta|ARM.ActiveCfg = Beta|Any CPU
		{0293E9EE-1FFC-4E97-91FD-54388B969E1E}.Beta|ARM.Build.0 = Beta|Any CPU
		{0293E9EE-1FFC-4E97-91FD-54388B969E1E}.Beta|iPhone.ActiveCfg = Beta|Any CPU
		{0293E9EE-1FFC-4E97-91FD-54388B969E1E}.Beta|iPhone.Build.0 = Beta|Any CPU
		{0293E9EE-1FFC-4E97-91FD-54388B969E1E}.Beta|iPhoneSimulator.ActiveCfg = Beta|Any CPU
		{0293E9EE-1FFC-4E97-91FD-54388B969E1E}.Beta|iPhoneSimulator.Build.0 = Beta|Any CPU
		{0293E9EE-1FFC-4E97-91FD-54388B969E1E}.Beta|x64.ActiveCfg = Beta|Any CPU
		{0293E9EE-1FFC-4E97-91FD-54388B969E1E}.Beta|x64.Build.0 = Beta|Any CPU
		{0293E9EE-1FFC-4E97-91FD-54388B969E1E}.Beta|x86.ActiveCfg = Beta|Any CPU
		{0293E9EE-1FFC-4E97-91FD-54388B969E1E}.Beta|x86.Build.0 = Beta|Any CPU
		{0293E9EE-1FFC-4E97-91FD-54388B969E1E}.Debug|Any CPU.ActiveCfg = Debug|Any CPU
		{0293E9EE-1FFC-4E97-91FD-54388B969E1E}.Debug|Any CPU.Build.0 = Debug|Any CPU
		{0293E9EE-1FFC-4E97-91FD-54388B969E1E}.Debug|ARM.ActiveCfg = Debug|Any CPU
		{0293E9EE-1FFC-4E97-91FD-54388B969E1E}.Debug|ARM.Build.0 = Debug|Any CPU
		{0293E9EE-1FFC-4E97-91FD-54388B969E1E}.Debug|iPhone.ActiveCfg = Debug|Any CPU
		{0293E9EE-1FFC-4E97-91FD-54388B969E1E}.Debug|iPhone.Build.0 = Debug|Any CPU
		{0293E9EE-1FFC-4E97-91FD-54388B969E1E}.Debug|iPhoneSimulator.ActiveCfg = Debug|Any CPU
		{0293E9EE-1FFC-4E97-91FD-54388B969E1E}.Debug|iPhoneSimulator.Build.0 = Debug|Any CPU
		{0293E9EE-1FFC-4E97-91FD-54388B969E1E}.Debug|x64.ActiveCfg = Debug|Any CPU
		{0293E9EE-1FFC-4E97-91FD-54388B969E1E}.Debug|x64.Build.0 = Debug|Any CPU
		{0293E9EE-1FFC-4E97-91FD-54388B969E1E}.Debug|x86.ActiveCfg = Debug|Any CPU
		{0293E9EE-1FFC-4E97-91FD-54388B969E1E}.Debug|x86.Build.0 = Debug|Any CPU
		{0293E9EE-1FFC-4E97-91FD-54388B969E1E}.Release|Any CPU.ActiveCfg = Release|Any CPU
		{0293E9EE-1FFC-4E97-91FD-54388B969E1E}.Release|Any CPU.Build.0 = Release|Any CPU
		{0293E9EE-1FFC-4E97-91FD-54388B969E1E}.Release|ARM.ActiveCfg = Release|Any CPU
		{0293E9EE-1FFC-4E97-91FD-54388B969E1E}.Release|ARM.Build.0 = Release|Any CPU
		{0293E9EE-1FFC-4E97-91FD-54388B969E1E}.Release|iPhone.ActiveCfg = Release|Any CPU
		{0293E9EE-1FFC-4E97-91FD-54388B969E1E}.Release|iPhone.Build.0 = Release|Any CPU
		{0293E9EE-1FFC-4E97-91FD-54388B969E1E}.Release|iPhoneSimulator.ActiveCfg = Release|Any CPU
		{0293E9EE-1FFC-4E97-91FD-54388B969E1E}.Release|iPhoneSimulator.Build.0 = Release|Any CPU
		{0293E9EE-1FFC-4E97-91FD-54388B969E1E}.Release|x64.ActiveCfg = Release|Any CPU
		{0293E9EE-1FFC-4E97-91FD-54388B969E1E}.Release|x64.Build.0 = Release|Any CPU
		{0293E9EE-1FFC-4E97-91FD-54388B969E1E}.Release|x86.ActiveCfg = Release|Any CPU
		{0293E9EE-1FFC-4E97-91FD-54388B969E1E}.Release|x86.Build.0 = Release|Any CPU
		{182C0643-48F5-47BA-9C66-4BF0FD833B1E}.Ad-Hoc|Any CPU.ActiveCfg = Release|Any CPU
		{182C0643-48F5-47BA-9C66-4BF0FD833B1E}.Ad-Hoc|Any CPU.Build.0 = Release|Any CPU
		{182C0643-48F5-47BA-9C66-4BF0FD833B1E}.Ad-Hoc|Any CPU.Deploy.0 = Release|Any CPU
		{182C0643-48F5-47BA-9C66-4BF0FD833B1E}.Ad-Hoc|ARM.ActiveCfg = Release|Any CPU
		{182C0643-48F5-47BA-9C66-4BF0FD833B1E}.Ad-Hoc|ARM.Build.0 = Release|Any CPU
		{182C0643-48F5-47BA-9C66-4BF0FD833B1E}.Ad-Hoc|ARM.Deploy.0 = Release|Any CPU
		{182C0643-48F5-47BA-9C66-4BF0FD833B1E}.Ad-Hoc|iPhone.ActiveCfg = Release|Any CPU
		{182C0643-48F5-47BA-9C66-4BF0FD833B1E}.Ad-Hoc|iPhone.Build.0 = Release|Any CPU
		{182C0643-48F5-47BA-9C66-4BF0FD833B1E}.Ad-Hoc|iPhone.Deploy.0 = Release|Any CPU
		{182C0643-48F5-47BA-9C66-4BF0FD833B1E}.Ad-Hoc|iPhoneSimulator.ActiveCfg = Release|Any CPU
		{182C0643-48F5-47BA-9C66-4BF0FD833B1E}.Ad-Hoc|iPhoneSimulator.Build.0 = Release|Any CPU
		{182C0643-48F5-47BA-9C66-4BF0FD833B1E}.Ad-Hoc|iPhoneSimulator.Deploy.0 = Release|Any CPU
		{182C0643-48F5-47BA-9C66-4BF0FD833B1E}.Ad-Hoc|x64.ActiveCfg = Release|Any CPU
		{182C0643-48F5-47BA-9C66-4BF0FD833B1E}.Ad-Hoc|x64.Build.0 = Release|Any CPU
		{182C0643-48F5-47BA-9C66-4BF0FD833B1E}.Ad-Hoc|x64.Deploy.0 = Release|Any CPU
		{182C0643-48F5-47BA-9C66-4BF0FD833B1E}.Ad-Hoc|x86.ActiveCfg = Release|Any CPU
		{182C0643-48F5-47BA-9C66-4BF0FD833B1E}.Ad-Hoc|x86.Build.0 = Release|Any CPU
		{182C0643-48F5-47BA-9C66-4BF0FD833B1E}.Ad-Hoc|x86.Deploy.0 = Release|Any CPU
		{182C0643-48F5-47BA-9C66-4BF0FD833B1E}.AppStore|Any CPU.ActiveCfg = Release|Any CPU
		{182C0643-48F5-47BA-9C66-4BF0FD833B1E}.AppStore|Any CPU.Build.0 = Release|Any CPU
		{182C0643-48F5-47BA-9C66-4BF0FD833B1E}.AppStore|Any CPU.Deploy.0 = Release|Any CPU
		{182C0643-48F5-47BA-9C66-4BF0FD833B1E}.AppStore|ARM.ActiveCfg = Release|Any CPU
		{182C0643-48F5-47BA-9C66-4BF0FD833B1E}.AppStore|ARM.Build.0 = Release|Any CPU
		{182C0643-48F5-47BA-9C66-4BF0FD833B1E}.AppStore|ARM.Deploy.0 = Release|Any CPU
		{182C0643-48F5-47BA-9C66-4BF0FD833B1E}.AppStore|iPhone.ActiveCfg = Release|Any CPU
		{182C0643-48F5-47BA-9C66-4BF0FD833B1E}.AppStore|iPhone.Build.0 = Release|Any CPU
		{182C0643-48F5-47BA-9C66-4BF0FD833B1E}.AppStore|iPhone.Deploy.0 = Release|Any CPU
		{182C0643-48F5-47BA-9C66-4BF0FD833B1E}.AppStore|iPhoneSimulator.ActiveCfg = Release|Any CPU
		{182C0643-48F5-47BA-9C66-4BF0FD833B1E}.AppStore|iPhoneSimulator.Build.0 = Release|Any CPU
		{182C0643-48F5-47BA-9C66-4BF0FD833B1E}.AppStore|iPhoneSimulator.Deploy.0 = Release|Any CPU
		{182C0643-48F5-47BA-9C66-4BF0FD833B1E}.AppStore|x64.ActiveCfg = Release|Any CPU
		{182C0643-48F5-47BA-9C66-4BF0FD833B1E}.AppStore|x64.Build.0 = Release|Any CPU
		{182C0643-48F5-47BA-9C66-4BF0FD833B1E}.AppStore|x64.Deploy.0 = Release|Any CPU
		{182C0643-48F5-47BA-9C66-4BF0FD833B1E}.AppStore|x86.ActiveCfg = Release|Any CPU
		{182C0643-48F5-47BA-9C66-4BF0FD833B1E}.AppStore|x86.Build.0 = Release|Any CPU
		{182C0643-48F5-47BA-9C66-4BF0FD833B1E}.AppStore|x86.Deploy.0 = Release|Any CPU
		{182C0643-48F5-47BA-9C66-4BF0FD833B1E}.Beta|Any CPU.ActiveCfg = Beta|Any CPU
		{182C0643-48F5-47BA-9C66-4BF0FD833B1E}.Beta|Any CPU.Build.0 = Beta|Any CPU
		{182C0643-48F5-47BA-9C66-4BF0FD833B1E}.Beta|Any CPU.Deploy.0 = Beta|Any CPU
		{182C0643-48F5-47BA-9C66-4BF0FD833B1E}.Beta|ARM.ActiveCfg = Beta|Any CPU
		{182C0643-48F5-47BA-9C66-4BF0FD833B1E}.Beta|ARM.Build.0 = Beta|Any CPU
		{182C0643-48F5-47BA-9C66-4BF0FD833B1E}.Beta|ARM.Deploy.0 = Beta|Any CPU
		{182C0643-48F5-47BA-9C66-4BF0FD833B1E}.Beta|iPhone.ActiveCfg = Beta|Any CPU
		{182C0643-48F5-47BA-9C66-4BF0FD833B1E}.Beta|iPhone.Build.0 = Beta|Any CPU
		{182C0643-48F5-47BA-9C66-4BF0FD833B1E}.Beta|iPhone.Deploy.0 = Beta|Any CPU
		{182C0643-48F5-47BA-9C66-4BF0FD833B1E}.Beta|iPhoneSimulator.ActiveCfg = Beta|Any CPU
		{182C0643-48F5-47BA-9C66-4BF0FD833B1E}.Beta|iPhoneSimulator.Build.0 = Beta|Any CPU
		{182C0643-48F5-47BA-9C66-4BF0FD833B1E}.Beta|iPhoneSimulator.Deploy.0 = Beta|Any CPU
		{182C0643-48F5-47BA-9C66-4BF0FD833B1E}.Beta|x64.ActiveCfg = Beta|Any CPU
		{182C0643-48F5-47BA-9C66-4BF0FD833B1E}.Beta|x64.Build.0 = Beta|Any CPU
		{182C0643-48F5-47BA-9C66-4BF0FD833B1E}.Beta|x64.Deploy.0 = Beta|Any CPU
		{182C0643-48F5-47BA-9C66-4BF0FD833B1E}.Beta|x86.ActiveCfg = Beta|Any CPU
		{182C0643-48F5-47BA-9C66-4BF0FD833B1E}.Beta|x86.Build.0 = Beta|Any CPU
		{182C0643-48F5-47BA-9C66-4BF0FD833B1E}.Beta|x86.Deploy.0 = Beta|Any CPU
		{182C0643-48F5-47BA-9C66-4BF0FD833B1E}.Debug|Any CPU.ActiveCfg = Debug|Any CPU
		{182C0643-48F5-47BA-9C66-4BF0FD833B1E}.Debug|Any CPU.Build.0 = Debug|Any CPU
		{182C0643-48F5-47BA-9C66-4BF0FD833B1E}.Debug|Any CPU.Deploy.0 = Debug|Any CPU
		{182C0643-48F5-47BA-9C66-4BF0FD833B1E}.Debug|ARM.ActiveCfg = Debug|Any CPU
		{182C0643-48F5-47BA-9C66-4BF0FD833B1E}.Debug|ARM.Build.0 = Debug|Any CPU
		{182C0643-48F5-47BA-9C66-4BF0FD833B1E}.Debug|ARM.Deploy.0 = Debug|Any CPU
		{182C0643-48F5-47BA-9C66-4BF0FD833B1E}.Debug|iPhone.ActiveCfg = Debug|Any CPU
		{182C0643-48F5-47BA-9C66-4BF0FD833B1E}.Debug|iPhone.Build.0 = Debug|Any CPU
		{182C0643-48F5-47BA-9C66-4BF0FD833B1E}.Debug|iPhone.Deploy.0 = Debug|Any CPU
		{182C0643-48F5-47BA-9C66-4BF0FD833B1E}.Debug|iPhoneSimulator.ActiveCfg = Debug|Any CPU
		{182C0643-48F5-47BA-9C66-4BF0FD833B1E}.Debug|iPhoneSimulator.Build.0 = Debug|Any CPU
		{182C0643-48F5-47BA-9C66-4BF0FD833B1E}.Debug|iPhoneSimulator.Deploy.0 = Debug|Any CPU
		{182C0643-48F5-47BA-9C66-4BF0FD833B1E}.Debug|x64.ActiveCfg = Debug|Any CPU
		{182C0643-48F5-47BA-9C66-4BF0FD833B1E}.Debug|x64.Build.0 = Debug|Any CPU
		{182C0643-48F5-47BA-9C66-4BF0FD833B1E}.Debug|x64.Deploy.0 = Debug|Any CPU
		{182C0643-48F5-47BA-9C66-4BF0FD833B1E}.Debug|x86.ActiveCfg = Debug|Any CPU
		{182C0643-48F5-47BA-9C66-4BF0FD833B1E}.Debug|x86.Build.0 = Debug|Any CPU
		{182C0643-48F5-47BA-9C66-4BF0FD833B1E}.Debug|x86.Deploy.0 = Debug|Any CPU
		{182C0643-48F5-47BA-9C66-4BF0FD833B1E}.Release|Any CPU.ActiveCfg = Release|Any CPU
		{182C0643-48F5-47BA-9C66-4BF0FD833B1E}.Release|Any CPU.Build.0 = Release|Any CPU
		{182C0643-48F5-47BA-9C66-4BF0FD833B1E}.Release|Any CPU.Deploy.0 = Release|Any CPU
		{182C0643-48F5-47BA-9C66-4BF0FD833B1E}.Release|ARM.ActiveCfg = Release|Any CPU
		{182C0643-48F5-47BA-9C66-4BF0FD833B1E}.Release|ARM.Build.0 = Release|Any CPU
		{182C0643-48F5-47BA-9C66-4BF0FD833B1E}.Release|ARM.Deploy.0 = Release|Any CPU
		{182C0643-48F5-47BA-9C66-4BF0FD833B1E}.Release|iPhone.ActiveCfg = Release|Any CPU
		{182C0643-48F5-47BA-9C66-4BF0FD833B1E}.Release|iPhone.Build.0 = Release|Any CPU
		{182C0643-48F5-47BA-9C66-4BF0FD833B1E}.Release|iPhone.Deploy.0 = Release|Any CPU
		{182C0643-48F5-47BA-9C66-4BF0FD833B1E}.Release|iPhoneSimulator.ActiveCfg = Release|Any CPU
		{182C0643-48F5-47BA-9C66-4BF0FD833B1E}.Release|iPhoneSimulator.Build.0 = Release|Any CPU
		{182C0643-48F5-47BA-9C66-4BF0FD833B1E}.Release|iPhoneSimulator.Deploy.0 = Release|Any CPU
		{182C0643-48F5-47BA-9C66-4BF0FD833B1E}.Release|x64.ActiveCfg = Release|Any CPU
		{182C0643-48F5-47BA-9C66-4BF0FD833B1E}.Release|x64.Build.0 = Release|Any CPU
		{182C0643-48F5-47BA-9C66-4BF0FD833B1E}.Release|x64.Deploy.0 = Release|Any CPU
		{182C0643-48F5-47BA-9C66-4BF0FD833B1E}.Release|x86.ActiveCfg = Release|Any CPU
		{182C0643-48F5-47BA-9C66-4BF0FD833B1E}.Release|x86.Build.0 = Release|Any CPU
		{182C0643-48F5-47BA-9C66-4BF0FD833B1E}.Release|x86.Deploy.0 = Release|Any CPU
		{F74C7240-2B31-4EF5-A859-74A564B6F12A}.Ad-Hoc|Any CPU.ActiveCfg = Ad-Hoc|iPhone
		{F74C7240-2B31-4EF5-A859-74A564B6F12A}.Ad-Hoc|ARM.ActiveCfg = Ad-Hoc|iPhone
		{F74C7240-2B31-4EF5-A859-74A564B6F12A}.Ad-Hoc|iPhone.ActiveCfg = Ad-Hoc|iPhone
		{F74C7240-2B31-4EF5-A859-74A564B6F12A}.Ad-Hoc|iPhone.Build.0 = Ad-Hoc|iPhone
		{F74C7240-2B31-4EF5-A859-74A564B6F12A}.Ad-Hoc|iPhoneSimulator.ActiveCfg = Ad-Hoc|iPhoneSimulator
		{F74C7240-2B31-4EF5-A859-74A564B6F12A}.Ad-Hoc|iPhoneSimulator.Build.0 = Ad-Hoc|iPhoneSimulator
		{F74C7240-2B31-4EF5-A859-74A564B6F12A}.Ad-Hoc|x64.ActiveCfg = Ad-Hoc|iPhone
		{F74C7240-2B31-4EF5-A859-74A564B6F12A}.Ad-Hoc|x86.ActiveCfg = Ad-Hoc|iPhone
		{F74C7240-2B31-4EF5-A859-74A564B6F12A}.AppStore|Any CPU.ActiveCfg = AppStore|iPhone
		{F74C7240-2B31-4EF5-A859-74A564B6F12A}.AppStore|ARM.ActiveCfg = AppStore|iPhone
		{F74C7240-2B31-4EF5-A859-74A564B6F12A}.AppStore|iPhone.ActiveCfg = AppStore|iPhone
		{F74C7240-2B31-4EF5-A859-74A564B6F12A}.AppStore|iPhone.Build.0 = AppStore|iPhone
		{F74C7240-2B31-4EF5-A859-74A564B6F12A}.AppStore|iPhoneSimulator.ActiveCfg = AppStore|iPhoneSimulator
		{F74C7240-2B31-4EF5-A859-74A564B6F12A}.AppStore|iPhoneSimulator.Build.0 = AppStore|iPhoneSimulator
		{F74C7240-2B31-4EF5-A859-74A564B6F12A}.AppStore|x64.ActiveCfg = AppStore|iPhone
		{F74C7240-2B31-4EF5-A859-74A564B6F12A}.AppStore|x86.ActiveCfg = AppStore|iPhone
		{F74C7240-2B31-4EF5-A859-74A564B6F12A}.Beta|Any CPU.ActiveCfg = Beta|iPhone
		{F74C7240-2B31-4EF5-A859-74A564B6F12A}.Beta|ARM.ActiveCfg = Beta|iPhone
		{F74C7240-2B31-4EF5-A859-74A564B6F12A}.Beta|iPhone.ActiveCfg = Beta|iPhone
		{F74C7240-2B31-4EF5-A859-74A564B6F12A}.Beta|iPhoneSimulator.ActiveCfg = Beta|iPhoneSimulator
		{F74C7240-2B31-4EF5-A859-74A564B6F12A}.Beta|x64.ActiveCfg = Beta|iPhone
		{F74C7240-2B31-4EF5-A859-74A564B6F12A}.Beta|x86.ActiveCfg = Beta|iPhone
		{F74C7240-2B31-4EF5-A859-74A564B6F12A}.Debug|Any CPU.ActiveCfg = Debug|iPhone
		{F74C7240-2B31-4EF5-A859-74A564B6F12A}.Debug|ARM.ActiveCfg = Debug|iPhone
		{F74C7240-2B31-4EF5-A859-74A564B6F12A}.Debug|iPhone.ActiveCfg = Debug|iPhone
		{F74C7240-2B31-4EF5-A859-74A564B6F12A}.Debug|iPhone.Build.0 = Debug|iPhone
		{F74C7240-2B31-4EF5-A859-74A564B6F12A}.Debug|iPhoneSimulator.ActiveCfg = Debug|iPhoneSimulator
		{F74C7240-2B31-4EF5-A859-74A564B6F12A}.Debug|iPhoneSimulator.Build.0 = Debug|iPhoneSimulator
		{F74C7240-2B31-4EF5-A859-74A564B6F12A}.Debug|x64.ActiveCfg = Debug|iPhone
		{F74C7240-2B31-4EF5-A859-74A564B6F12A}.Debug|x86.ActiveCfg = Debug|iPhone
		{F74C7240-2B31-4EF5-A859-74A564B6F12A}.Release|Any CPU.ActiveCfg = Release|iPhone
		{F74C7240-2B31-4EF5-A859-74A564B6F12A}.Release|ARM.ActiveCfg = Release|iPhone
		{F74C7240-2B31-4EF5-A859-74A564B6F12A}.Release|iPhone.ActiveCfg = Release|iPhone
		{F74C7240-2B31-4EF5-A859-74A564B6F12A}.Release|iPhone.Build.0 = Release|iPhone
		{F74C7240-2B31-4EF5-A859-74A564B6F12A}.Release|iPhoneSimulator.ActiveCfg = Release|iPhoneSimulator
		{F74C7240-2B31-4EF5-A859-74A564B6F12A}.Release|iPhoneSimulator.Build.0 = Release|iPhoneSimulator
		{F74C7240-2B31-4EF5-A859-74A564B6F12A}.Release|x64.ActiveCfg = Release|iPhone
		{F74C7240-2B31-4EF5-A859-74A564B6F12A}.Release|x86.ActiveCfg = Release|iPhone
		{EFB743B7-C89C-425E-A839-A22D2372B1B9}.Ad-Hoc|Any CPU.ActiveCfg = Release|x86
		{EFB743B7-C89C-425E-A839-A22D2372B1B9}.Ad-Hoc|Any CPU.Build.0 = Release|x86
		{EFB743B7-C89C-425E-A839-A22D2372B1B9}.Ad-Hoc|Any CPU.Deploy.0 = Release|x86
		{EFB743B7-C89C-425E-A839-A22D2372B1B9}.Ad-Hoc|ARM.ActiveCfg = Release|ARM
		{EFB743B7-C89C-425E-A839-A22D2372B1B9}.Ad-Hoc|ARM.Build.0 = Release|ARM
		{EFB743B7-C89C-425E-A839-A22D2372B1B9}.Ad-Hoc|ARM.Deploy.0 = Release|ARM
		{EFB743B7-C89C-425E-A839-A22D2372B1B9}.Ad-Hoc|iPhone.ActiveCfg = Release|x86
		{EFB743B7-C89C-425E-A839-A22D2372B1B9}.Ad-Hoc|iPhone.Build.0 = Release|x86
		{EFB743B7-C89C-425E-A839-A22D2372B1B9}.Ad-Hoc|iPhone.Deploy.0 = Release|x86
		{EFB743B7-C89C-425E-A839-A22D2372B1B9}.Ad-Hoc|iPhoneSimulator.ActiveCfg = Release|x86
		{EFB743B7-C89C-425E-A839-A22D2372B1B9}.Ad-Hoc|iPhoneSimulator.Build.0 = Release|x86
		{EFB743B7-C89C-425E-A839-A22D2372B1B9}.Ad-Hoc|iPhoneSimulator.Deploy.0 = Release|x86
		{EFB743B7-C89C-425E-A839-A22D2372B1B9}.Ad-Hoc|x64.ActiveCfg = Release|x64
		{EFB743B7-C89C-425E-A839-A22D2372B1B9}.Ad-Hoc|x64.Build.0 = Release|x64
		{EFB743B7-C89C-425E-A839-A22D2372B1B9}.Ad-Hoc|x64.Deploy.0 = Release|x64
		{EFB743B7-C89C-425E-A839-A22D2372B1B9}.Ad-Hoc|x86.ActiveCfg = Release|x86
		{EFB743B7-C89C-425E-A839-A22D2372B1B9}.Ad-Hoc|x86.Build.0 = Release|x86
		{EFB743B7-C89C-425E-A839-A22D2372B1B9}.Ad-Hoc|x86.Deploy.0 = Release|x86
		{EFB743B7-C89C-425E-A839-A22D2372B1B9}.AppStore|Any CPU.ActiveCfg = Release|x86
		{EFB743B7-C89C-425E-A839-A22D2372B1B9}.AppStore|Any CPU.Build.0 = Release|x86
		{EFB743B7-C89C-425E-A839-A22D2372B1B9}.AppStore|Any CPU.Deploy.0 = Release|x86
		{EFB743B7-C89C-425E-A839-A22D2372B1B9}.AppStore|ARM.ActiveCfg = Release|ARM
		{EFB743B7-C89C-425E-A839-A22D2372B1B9}.AppStore|ARM.Build.0 = Release|ARM
		{EFB743B7-C89C-425E-A839-A22D2372B1B9}.AppStore|ARM.Deploy.0 = Release|ARM
		{EFB743B7-C89C-425E-A839-A22D2372B1B9}.AppStore|iPhone.ActiveCfg = Release|x86
		{EFB743B7-C89C-425E-A839-A22D2372B1B9}.AppStore|iPhone.Build.0 = Release|x86
		{EFB743B7-C89C-425E-A839-A22D2372B1B9}.AppStore|iPhone.Deploy.0 = Release|x86
		{EFB743B7-C89C-425E-A839-A22D2372B1B9}.AppStore|iPhoneSimulator.ActiveCfg = Release|x86
		{EFB743B7-C89C-425E-A839-A22D2372B1B9}.AppStore|iPhoneSimulator.Build.0 = Release|x86
		{EFB743B7-C89C-425E-A839-A22D2372B1B9}.AppStore|iPhoneSimulator.Deploy.0 = Release|x86
		{EFB743B7-C89C-425E-A839-A22D2372B1B9}.AppStore|x64.ActiveCfg = Release|x64
		{EFB743B7-C89C-425E-A839-A22D2372B1B9}.AppStore|x64.Build.0 = Release|x64
		{EFB743B7-C89C-425E-A839-A22D2372B1B9}.AppStore|x64.Deploy.0 = Release|x64
		{EFB743B7-C89C-425E-A839-A22D2372B1B9}.AppStore|x86.ActiveCfg = Release|x86
		{EFB743B7-C89C-425E-A839-A22D2372B1B9}.AppStore|x86.Build.0 = Release|x86
		{EFB743B7-C89C-425E-A839-A22D2372B1B9}.AppStore|x86.Deploy.0 = Release|x86
		{EFB743B7-C89C-425E-A839-A22D2372B1B9}.Beta|Any CPU.ActiveCfg = Beta|x86
		{EFB743B7-C89C-425E-A839-A22D2372B1B9}.Beta|ARM.ActiveCfg = Beta|ARM
		{EFB743B7-C89C-425E-A839-A22D2372B1B9}.Beta|ARM.Deploy.0 = Beta|ARM
		{EFB743B7-C89C-425E-A839-A22D2372B1B9}.Beta|iPhone.ActiveCfg = Beta|x86
		{EFB743B7-C89C-425E-A839-A22D2372B1B9}.Beta|iPhoneSimulator.ActiveCfg = Beta|x86
		{EFB743B7-C89C-425E-A839-A22D2372B1B9}.Beta|x64.ActiveCfg = Beta|x64
		{EFB743B7-C89C-425E-A839-A22D2372B1B9}.Beta|x64.Deploy.0 = Beta|x64
		{EFB743B7-C89C-425E-A839-A22D2372B1B9}.Beta|x86.ActiveCfg = Beta|x86
		{EFB743B7-C89C-425E-A839-A22D2372B1B9}.Beta|x86.Deploy.0 = Beta|x86
		{EFB743B7-C89C-425E-A839-A22D2372B1B9}.Debug|Any CPU.ActiveCfg = Debug|x86
		{EFB743B7-C89C-425E-A839-A22D2372B1B9}.Debug|Any CPU.Build.0 = Debug|x86
		{EFB743B7-C89C-425E-A839-A22D2372B1B9}.Debug|Any CPU.Deploy.0 = Debug|x86
		{EFB743B7-C89C-425E-A839-A22D2372B1B9}.Debug|ARM.ActiveCfg = Debug|ARM
		{EFB743B7-C89C-425E-A839-A22D2372B1B9}.Debug|ARM.Build.0 = Debug|ARM
		{EFB743B7-C89C-425E-A839-A22D2372B1B9}.Debug|ARM.Deploy.0 = Debug|ARM
		{EFB743B7-C89C-425E-A839-A22D2372B1B9}.Debug|iPhone.ActiveCfg = Debug|x86
		{EFB743B7-C89C-425E-A839-A22D2372B1B9}.Debug|iPhoneSimulator.ActiveCfg = Debug|x86
		{EFB743B7-C89C-425E-A839-A22D2372B1B9}.Debug|x64.ActiveCfg = Debug|x64
		{EFB743B7-C89C-425E-A839-A22D2372B1B9}.Debug|x64.Build.0 = Debug|x64
		{EFB743B7-C89C-425E-A839-A22D2372B1B9}.Debug|x64.Deploy.0 = Debug|x64
		{EFB743B7-C89C-425E-A839-A22D2372B1B9}.Debug|x86.ActiveCfg = Debug|x86
		{EFB743B7-C89C-425E-A839-A22D2372B1B9}.Debug|x86.Build.0 = Debug|x86
		{EFB743B7-C89C-425E-A839-A22D2372B1B9}.Debug|x86.Deploy.0 = Debug|x86
		{EFB743B7-C89C-425E-A839-A22D2372B1B9}.Release|Any CPU.ActiveCfg = Release|x86
		{EFB743B7-C89C-425E-A839-A22D2372B1B9}.Release|ARM.ActiveCfg = Release|ARM
		{EFB743B7-C89C-425E-A839-A22D2372B1B9}.Release|ARM.Build.0 = Release|ARM
		{EFB743B7-C89C-425E-A839-A22D2372B1B9}.Release|ARM.Deploy.0 = Release|ARM
		{EFB743B7-C89C-425E-A839-A22D2372B1B9}.Release|iPhone.ActiveCfg = Release|x86
		{EFB743B7-C89C-425E-A839-A22D2372B1B9}.Release|iPhoneSimulator.ActiveCfg = Release|x86
		{EFB743B7-C89C-425E-A839-A22D2372B1B9}.Release|x64.ActiveCfg = Release|x64
		{EFB743B7-C89C-425E-A839-A22D2372B1B9}.Release|x64.Build.0 = Release|x64
		{EFB743B7-C89C-425E-A839-A22D2372B1B9}.Release|x64.Deploy.0 = Release|x64
		{EFB743B7-C89C-425E-A839-A22D2372B1B9}.Release|x86.ActiveCfg = Release|x86
		{EFB743B7-C89C-425E-A839-A22D2372B1B9}.Release|x86.Build.0 = Release|x86
		{EFB743B7-C89C-425E-A839-A22D2372B1B9}.Release|x86.Deploy.0 = Release|x86
		{C9D6A982-46F3-4FFF-A739-58EA8A7DBE0D}.Ad-Hoc|Any CPU.ActiveCfg = Release|Any CPU
		{C9D6A982-46F3-4FFF-A739-58EA8A7DBE0D}.Ad-Hoc|Any CPU.Build.0 = Release|Any CPU
		{C9D6A982-46F3-4FFF-A739-58EA8A7DBE0D}.Ad-Hoc|Any CPU.Deploy.0 = Release|Any CPU
		{C9D6A982-46F3-4FFF-A739-58EA8A7DBE0D}.Ad-Hoc|ARM.ActiveCfg = Release|ARM
		{C9D6A982-46F3-4FFF-A739-58EA8A7DBE0D}.Ad-Hoc|ARM.Build.0 = Release|ARM
		{C9D6A982-46F3-4FFF-A739-58EA8A7DBE0D}.Ad-Hoc|ARM.Deploy.0 = Release|ARM
		{C9D6A982-46F3-4FFF-A739-58EA8A7DBE0D}.Ad-Hoc|iPhone.ActiveCfg = Release|Any CPU
		{C9D6A982-46F3-4FFF-A739-58EA8A7DBE0D}.Ad-Hoc|iPhone.Build.0 = Release|Any CPU
		{C9D6A982-46F3-4FFF-A739-58EA8A7DBE0D}.Ad-Hoc|iPhone.Deploy.0 = Release|Any CPU
		{C9D6A982-46F3-4FFF-A739-58EA8A7DBE0D}.Ad-Hoc|iPhoneSimulator.ActiveCfg = Release|Any CPU
		{C9D6A982-46F3-4FFF-A739-58EA8A7DBE0D}.Ad-Hoc|iPhoneSimulator.Build.0 = Release|Any CPU
		{C9D6A982-46F3-4FFF-A739-58EA8A7DBE0D}.Ad-Hoc|iPhoneSimulator.Deploy.0 = Release|Any CPU
		{C9D6A982-46F3-4FFF-A739-58EA8A7DBE0D}.Ad-Hoc|x64.ActiveCfg = Release|x64
		{C9D6A982-46F3-4FFF-A739-58EA8A7DBE0D}.Ad-Hoc|x64.Build.0 = Release|x64
		{C9D6A982-46F3-4FFF-A739-58EA8A7DBE0D}.Ad-Hoc|x64.Deploy.0 = Release|x64
		{C9D6A982-46F3-4FFF-A739-58EA8A7DBE0D}.Ad-Hoc|x86.ActiveCfg = Release|x86
		{C9D6A982-46F3-4FFF-A739-58EA8A7DBE0D}.Ad-Hoc|x86.Build.0 = Release|x86
		{C9D6A982-46F3-4FFF-A739-58EA8A7DBE0D}.Ad-Hoc|x86.Deploy.0 = Release|x86
		{C9D6A982-46F3-4FFF-A739-58EA8A7DBE0D}.AppStore|Any CPU.ActiveCfg = Release|Any CPU
		{C9D6A982-46F3-4FFF-A739-58EA8A7DBE0D}.AppStore|Any CPU.Build.0 = Release|Any CPU
		{C9D6A982-46F3-4FFF-A739-58EA8A7DBE0D}.AppStore|Any CPU.Deploy.0 = Release|Any CPU
		{C9D6A982-46F3-4FFF-A739-58EA8A7DBE0D}.AppStore|ARM.ActiveCfg = Release|ARM
		{C9D6A982-46F3-4FFF-A739-58EA8A7DBE0D}.AppStore|ARM.Build.0 = Release|ARM
		{C9D6A982-46F3-4FFF-A739-58EA8A7DBE0D}.AppStore|ARM.Deploy.0 = Release|ARM
		{C9D6A982-46F3-4FFF-A739-58EA8A7DBE0D}.AppStore|iPhone.ActiveCfg = Release|Any CPU
		{C9D6A982-46F3-4FFF-A739-58EA8A7DBE0D}.AppStore|iPhone.Build.0 = Release|Any CPU
		{C9D6A982-46F3-4FFF-A739-58EA8A7DBE0D}.AppStore|iPhone.Deploy.0 = Release|Any CPU
		{C9D6A982-46F3-4FFF-A739-58EA8A7DBE0D}.AppStore|iPhoneSimulator.ActiveCfg = Release|Any CPU
		{C9D6A982-46F3-4FFF-A739-58EA8A7DBE0D}.AppStore|iPhoneSimulator.Build.0 = Release|Any CPU
		{C9D6A982-46F3-4FFF-A739-58EA8A7DBE0D}.AppStore|iPhoneSimulator.Deploy.0 = Release|Any CPU
		{C9D6A982-46F3-4FFF-A739-58EA8A7DBE0D}.AppStore|x64.ActiveCfg = Release|x64
		{C9D6A982-46F3-4FFF-A739-58EA8A7DBE0D}.AppStore|x64.Build.0 = Release|x64
		{C9D6A982-46F3-4FFF-A739-58EA8A7DBE0D}.AppStore|x64.Deploy.0 = Release|x64
		{C9D6A982-46F3-4FFF-A739-58EA8A7DBE0D}.AppStore|x86.ActiveCfg = Release|x86
		{C9D6A982-46F3-4FFF-A739-58EA8A7DBE0D}.AppStore|x86.Build.0 = Release|x86
		{C9D6A982-46F3-4FFF-A739-58EA8A7DBE0D}.AppStore|x86.Deploy.0 = Release|x86
		{C9D6A982-46F3-4FFF-A739-58EA8A7DBE0D}.Beta|Any CPU.ActiveCfg = Beta|Any CPU
		{C9D6A982-46F3-4FFF-A739-58EA8A7DBE0D}.Beta|Any CPU.Build.0 = Beta|Any CPU
		{C9D6A982-46F3-4FFF-A739-58EA8A7DBE0D}.Beta|Any CPU.Deploy.0 = Beta|Any CPU
		{C9D6A982-46F3-4FFF-A739-58EA8A7DBE0D}.Beta|ARM.ActiveCfg = Beta|ARM
		{C9D6A982-46F3-4FFF-A739-58EA8A7DBE0D}.Beta|ARM.Build.0 = Beta|ARM
		{C9D6A982-46F3-4FFF-A739-58EA8A7DBE0D}.Beta|ARM.Deploy.0 = Beta|ARM
		{C9D6A982-46F3-4FFF-A739-58EA8A7DBE0D}.Beta|iPhone.ActiveCfg = Beta|Any CPU
		{C9D6A982-46F3-4FFF-A739-58EA8A7DBE0D}.Beta|iPhone.Build.0 = Beta|Any CPU
		{C9D6A982-46F3-4FFF-A739-58EA8A7DBE0D}.Beta|iPhone.Deploy.0 = Beta|Any CPU
		{C9D6A982-46F3-4FFF-A739-58EA8A7DBE0D}.Beta|iPhoneSimulator.ActiveCfg = Beta|Any CPU
		{C9D6A982-46F3-4FFF-A739-58EA8A7DBE0D}.Beta|iPhoneSimulator.Build.0 = Beta|Any CPU
		{C9D6A982-46F3-4FFF-A739-58EA8A7DBE0D}.Beta|iPhoneSimulator.Deploy.0 = Beta|Any CPU
		{C9D6A982-46F3-4FFF-A739-58EA8A7DBE0D}.Beta|x64.ActiveCfg = Beta|x64
		{C9D6A982-46F3-4FFF-A739-58EA8A7DBE0D}.Beta|x64.Build.0 = Beta|x64
		{C9D6A982-46F3-4FFF-A739-58EA8A7DBE0D}.Beta|x64.Deploy.0 = Beta|x64
		{C9D6A982-46F3-4FFF-A739-58EA8A7DBE0D}.Beta|x86.ActiveCfg = Beta|x86
		{C9D6A982-46F3-4FFF-A739-58EA8A7DBE0D}.Beta|x86.Build.0 = Beta|x86
		{C9D6A982-46F3-4FFF-A739-58EA8A7DBE0D}.Beta|x86.Deploy.0 = Beta|x86
		{C9D6A982-46F3-4FFF-A739-58EA8A7DBE0D}.Debug|Any CPU.ActiveCfg = Debug|Any CPU
		{C9D6A982-46F3-4FFF-A739-58EA8A7DBE0D}.Debug|ARM.ActiveCfg = Debug|ARM
		{C9D6A982-46F3-4FFF-A739-58EA8A7DBE0D}.Debug|ARM.Build.0 = Debug|ARM
		{C9D6A982-46F3-4FFF-A739-58EA8A7DBE0D}.Debug|ARM.Deploy.0 = Debug|ARM
		{C9D6A982-46F3-4FFF-A739-58EA8A7DBE0D}.Debug|iPhone.ActiveCfg = Debug|Any CPU
		{C9D6A982-46F3-4FFF-A739-58EA8A7DBE0D}.Debug|iPhone.Build.0 = Debug|Any CPU
		{C9D6A982-46F3-4FFF-A739-58EA8A7DBE0D}.Debug|iPhone.Deploy.0 = Debug|Any CPU
		{C9D6A982-46F3-4FFF-A739-58EA8A7DBE0D}.Debug|iPhoneSimulator.ActiveCfg = Debug|Any CPU
		{C9D6A982-46F3-4FFF-A739-58EA8A7DBE0D}.Debug|iPhoneSimulator.Build.0 = Debug|Any CPU
		{C9D6A982-46F3-4FFF-A739-58EA8A7DBE0D}.Debug|iPhoneSimulator.Deploy.0 = Debug|Any CPU
		{C9D6A982-46F3-4FFF-A739-58EA8A7DBE0D}.Debug|x64.ActiveCfg = Debug|x64
		{C9D6A982-46F3-4FFF-A739-58EA8A7DBE0D}.Debug|x64.Build.0 = Debug|x64
		{C9D6A982-46F3-4FFF-A739-58EA8A7DBE0D}.Debug|x64.Deploy.0 = Debug|x64
		{C9D6A982-46F3-4FFF-A739-58EA8A7DBE0D}.Debug|x86.ActiveCfg = Debug|x86
		{C9D6A982-46F3-4FFF-A739-58EA8A7DBE0D}.Debug|x86.Build.0 = Debug|x86
		{C9D6A982-46F3-4FFF-A739-58EA8A7DBE0D}.Debug|x86.Deploy.0 = Debug|x86
		{C9D6A982-46F3-4FFF-A739-58EA8A7DBE0D}.Release|Any CPU.ActiveCfg = Release|Any CPU
		{C9D6A982-46F3-4FFF-A739-58EA8A7DBE0D}.Release|Any CPU.Build.0 = Release|Any CPU
		{C9D6A982-46F3-4FFF-A739-58EA8A7DBE0D}.Release|Any CPU.Deploy.0 = Release|Any CPU
		{C9D6A982-46F3-4FFF-A739-58EA8A7DBE0D}.Release|ARM.ActiveCfg = Release|ARM
		{C9D6A982-46F3-4FFF-A739-58EA8A7DBE0D}.Release|ARM.Build.0 = Release|ARM
		{C9D6A982-46F3-4FFF-A739-58EA8A7DBE0D}.Release|ARM.Deploy.0 = Release|ARM
		{C9D6A982-46F3-4FFF-A739-58EA8A7DBE0D}.Release|iPhone.ActiveCfg = Release|Any CPU
		{C9D6A982-46F3-4FFF-A739-58EA8A7DBE0D}.Release|iPhone.Build.0 = Release|Any CPU
		{C9D6A982-46F3-4FFF-A739-58EA8A7DBE0D}.Release|iPhone.Deploy.0 = Release|Any CPU
		{C9D6A982-46F3-4FFF-A739-58EA8A7DBE0D}.Release|iPhoneSimulator.ActiveCfg = Release|Any CPU
		{C9D6A982-46F3-4FFF-A739-58EA8A7DBE0D}.Release|iPhoneSimulator.Build.0 = Release|Any CPU
		{C9D6A982-46F3-4FFF-A739-58EA8A7DBE0D}.Release|iPhoneSimulator.Deploy.0 = Release|Any CPU
		{C9D6A982-46F3-4FFF-A739-58EA8A7DBE0D}.Release|x64.ActiveCfg = Release|x64
		{C9D6A982-46F3-4FFF-A739-58EA8A7DBE0D}.Release|x64.Build.0 = Release|x64
		{C9D6A982-46F3-4FFF-A739-58EA8A7DBE0D}.Release|x64.Deploy.0 = Release|x64
		{C9D6A982-46F3-4FFF-A739-58EA8A7DBE0D}.Release|x86.ActiveCfg = Release|x86
		{C9D6A982-46F3-4FFF-A739-58EA8A7DBE0D}.Release|x86.Build.0 = Release|x86
		{C9D6A982-46F3-4FFF-A739-58EA8A7DBE0D}.Release|x86.Deploy.0 = Release|x86
		{387766BA-1F2C-4359-974D-5C980BBC467B}.Ad-Hoc|Any CPU.ActiveCfg = Release|Any CPU
		{387766BA-1F2C-4359-974D-5C980BBC467B}.Ad-Hoc|Any CPU.Build.0 = Release|Any CPU
		{387766BA-1F2C-4359-974D-5C980BBC467B}.Ad-Hoc|Any CPU.Deploy.0 = Release|Any CPU
		{387766BA-1F2C-4359-974D-5C980BBC467B}.Ad-Hoc|ARM.ActiveCfg = Release|ARM
		{387766BA-1F2C-4359-974D-5C980BBC467B}.Ad-Hoc|ARM.Build.0 = Release|ARM
		{387766BA-1F2C-4359-974D-5C980BBC467B}.Ad-Hoc|ARM.Deploy.0 = Release|ARM
		{387766BA-1F2C-4359-974D-5C980BBC467B}.Ad-Hoc|iPhone.ActiveCfg = Release|Any CPU
		{387766BA-1F2C-4359-974D-5C980BBC467B}.Ad-Hoc|iPhone.Build.0 = Release|Any CPU
		{387766BA-1F2C-4359-974D-5C980BBC467B}.Ad-Hoc|iPhone.Deploy.0 = Release|Any CPU
		{387766BA-1F2C-4359-974D-5C980BBC467B}.Ad-Hoc|iPhoneSimulator.ActiveCfg = Release|Any CPU
		{387766BA-1F2C-4359-974D-5C980BBC467B}.Ad-Hoc|iPhoneSimulator.Build.0 = Release|Any CPU
		{387766BA-1F2C-4359-974D-5C980BBC467B}.Ad-Hoc|iPhoneSimulator.Deploy.0 = Release|Any CPU
		{387766BA-1F2C-4359-974D-5C980BBC467B}.Ad-Hoc|x64.ActiveCfg = Release|Any CPU
		{387766BA-1F2C-4359-974D-5C980BBC467B}.Ad-Hoc|x64.Build.0 = Release|Any CPU
		{387766BA-1F2C-4359-974D-5C980BBC467B}.Ad-Hoc|x64.Deploy.0 = Release|Any CPU
		{387766BA-1F2C-4359-974D-5C980BBC467B}.Ad-Hoc|x86.ActiveCfg = Release|x86
		{387766BA-1F2C-4359-974D-5C980BBC467B}.Ad-Hoc|x86.Build.0 = Release|x86
		{387766BA-1F2C-4359-974D-5C980BBC467B}.Ad-Hoc|x86.Deploy.0 = Release|x86
		{387766BA-1F2C-4359-974D-5C980BBC467B}.AppStore|Any CPU.ActiveCfg = Release|Any CPU
		{387766BA-1F2C-4359-974D-5C980BBC467B}.AppStore|Any CPU.Build.0 = Release|Any CPU
		{387766BA-1F2C-4359-974D-5C980BBC467B}.AppStore|Any CPU.Deploy.0 = Release|Any CPU
		{387766BA-1F2C-4359-974D-5C980BBC467B}.AppStore|ARM.ActiveCfg = Release|ARM
		{387766BA-1F2C-4359-974D-5C980BBC467B}.AppStore|ARM.Build.0 = Release|ARM
		{387766BA-1F2C-4359-974D-5C980BBC467B}.AppStore|ARM.Deploy.0 = Release|ARM
		{387766BA-1F2C-4359-974D-5C980BBC467B}.AppStore|iPhone.ActiveCfg = Release|Any CPU
		{387766BA-1F2C-4359-974D-5C980BBC467B}.AppStore|iPhone.Build.0 = Release|Any CPU
		{387766BA-1F2C-4359-974D-5C980BBC467B}.AppStore|iPhone.Deploy.0 = Release|Any CPU
		{387766BA-1F2C-4359-974D-5C980BBC467B}.AppStore|iPhoneSimulator.ActiveCfg = Release|Any CPU
		{387766BA-1F2C-4359-974D-5C980BBC467B}.AppStore|iPhoneSimulator.Build.0 = Release|Any CPU
		{387766BA-1F2C-4359-974D-5C980BBC467B}.AppStore|iPhoneSimulator.Deploy.0 = Release|Any CPU
		{387766BA-1F2C-4359-974D-5C980BBC467B}.AppStore|x64.ActiveCfg = Release|Any CPU
		{387766BA-1F2C-4359-974D-5C980BBC467B}.AppStore|x64.Build.0 = Release|Any CPU
		{387766BA-1F2C-4359-974D-5C980BBC467B}.AppStore|x64.Deploy.0 = Release|Any CPU
		{387766BA-1F2C-4359-974D-5C980BBC467B}.AppStore|x86.ActiveCfg = Release|x86
		{387766BA-1F2C-4359-974D-5C980BBC467B}.AppStore|x86.Build.0 = Release|x86
		{387766BA-1F2C-4359-974D-5C980BBC467B}.AppStore|x86.Deploy.0 = Release|x86
		{387766BA-1F2C-4359-974D-5C980BBC467B}.Beta|Any CPU.ActiveCfg = Beta|Any CPU
		{387766BA-1F2C-4359-974D-5C980BBC467B}.Beta|Any CPU.Build.0 = Beta|Any CPU
		{387766BA-1F2C-4359-974D-5C980BBC467B}.Beta|Any CPU.Deploy.0 = Beta|Any CPU
		{387766BA-1F2C-4359-974D-5C980BBC467B}.Beta|ARM.ActiveCfg = Beta|ARM
		{387766BA-1F2C-4359-974D-5C980BBC467B}.Beta|ARM.Build.0 = Beta|ARM
		{387766BA-1F2C-4359-974D-5C980BBC467B}.Beta|ARM.Deploy.0 = Beta|ARM
		{387766BA-1F2C-4359-974D-5C980BBC467B}.Beta|iPhone.ActiveCfg = Beta|Any CPU
		{387766BA-1F2C-4359-974D-5C980BBC467B}.Beta|iPhone.Build.0 = Beta|Any CPU
		{387766BA-1F2C-4359-974D-5C980BBC467B}.Beta|iPhone.Deploy.0 = Beta|Any CPU
		{387766BA-1F2C-4359-974D-5C980BBC467B}.Beta|iPhoneSimulator.ActiveCfg = Beta|Any CPU
		{387766BA-1F2C-4359-974D-5C980BBC467B}.Beta|iPhoneSimulator.Build.0 = Beta|Any CPU
		{387766BA-1F2C-4359-974D-5C980BBC467B}.Beta|iPhoneSimulator.Deploy.0 = Beta|Any CPU
		{387766BA-1F2C-4359-974D-5C980BBC467B}.Beta|x64.ActiveCfg = Beta|Any CPU
		{387766BA-1F2C-4359-974D-5C980BBC467B}.Beta|x64.Build.0 = Beta|Any CPU
		{387766BA-1F2C-4359-974D-5C980BBC467B}.Beta|x64.Deploy.0 = Beta|Any CPU
		{387766BA-1F2C-4359-974D-5C980BBC467B}.Beta|x86.ActiveCfg = Beta|x86
		{387766BA-1F2C-4359-974D-5C980BBC467B}.Beta|x86.Build.0 = Beta|x86
		{387766BA-1F2C-4359-974D-5C980BBC467B}.Beta|x86.Deploy.0 = Beta|x86
		{387766BA-1F2C-4359-974D-5C980BBC467B}.Debug|Any CPU.ActiveCfg = Debug|Any CPU
		{387766BA-1F2C-4359-974D-5C980BBC467B}.Debug|ARM.ActiveCfg = Debug|ARM
		{387766BA-1F2C-4359-974D-5C980BBC467B}.Debug|ARM.Build.0 = Debug|ARM
		{387766BA-1F2C-4359-974D-5C980BBC467B}.Debug|ARM.Deploy.0 = Debug|ARM
		{387766BA-1F2C-4359-974D-5C980BBC467B}.Debug|iPhone.ActiveCfg = Debug|Any CPU
		{387766BA-1F2C-4359-974D-5C980BBC467B}.Debug|iPhone.Build.0 = Debug|Any CPU
		{387766BA-1F2C-4359-974D-5C980BBC467B}.Debug|iPhone.Deploy.0 = Debug|Any CPU
		{387766BA-1F2C-4359-974D-5C980BBC467B}.Debug|iPhoneSimulator.ActiveCfg = Debug|Any CPU
		{387766BA-1F2C-4359-974D-5C980BBC467B}.Debug|iPhoneSimulator.Build.0 = Debug|Any CPU
		{387766BA-1F2C-4359-974D-5C980BBC467B}.Debug|iPhoneSimulator.Deploy.0 = Debug|Any CPU
		{387766BA-1F2C-4359-974D-5C980BBC467B}.Debug|x64.ActiveCfg = Debug|Any CPU
		{387766BA-1F2C-4359-974D-5C980BBC467B}.Debug|x64.Build.0 = Debug|Any CPU
		{387766BA-1F2C-4359-974D-5C980BBC467B}.Debug|x64.Deploy.0 = Debug|Any CPU
		{387766BA-1F2C-4359-974D-5C980BBC467B}.Debug|x86.ActiveCfg = Debug|x86
		{387766BA-1F2C-4359-974D-5C980BBC467B}.Debug|x86.Build.0 = Debug|x86
		{387766BA-1F2C-4359-974D-5C980BBC467B}.Debug|x86.Deploy.0 = Debug|x86
		{387766BA-1F2C-4359-974D-5C980BBC467B}.Release|Any CPU.ActiveCfg = Release|Any CPU
		{387766BA-1F2C-4359-974D-5C980BBC467B}.Release|Any CPU.Build.0 = Release|Any CPU
		{387766BA-1F2C-4359-974D-5C980BBC467B}.Release|Any CPU.Deploy.0 = Release|Any CPU
		{387766BA-1F2C-4359-974D-5C980BBC467B}.Release|ARM.ActiveCfg = Release|ARM
		{387766BA-1F2C-4359-974D-5C980BBC467B}.Release|ARM.Build.0 = Release|ARM
		{387766BA-1F2C-4359-974D-5C980BBC467B}.Release|ARM.Deploy.0 = Release|ARM
		{387766BA-1F2C-4359-974D-5C980BBC467B}.Release|iPhone.ActiveCfg = Release|Any CPU
		{387766BA-1F2C-4359-974D-5C980BBC467B}.Release|iPhone.Build.0 = Release|Any CPU
		{387766BA-1F2C-4359-974D-5C980BBC467B}.Release|iPhone.Deploy.0 = Release|Any CPU
		{387766BA-1F2C-4359-974D-5C980BBC467B}.Release|iPhoneSimulator.ActiveCfg = Release|Any CPU
		{387766BA-1F2C-4359-974D-5C980BBC467B}.Release|iPhoneSimulator.Build.0 = Release|Any CPU
		{387766BA-1F2C-4359-974D-5C980BBC467B}.Release|iPhoneSimulator.Deploy.0 = Release|Any CPU
		{387766BA-1F2C-4359-974D-5C980BBC467B}.Release|x64.ActiveCfg = Release|Any CPU
		{387766BA-1F2C-4359-974D-5C980BBC467B}.Release|x64.Build.0 = Release|Any CPU
		{387766BA-1F2C-4359-974D-5C980BBC467B}.Release|x64.Deploy.0 = Release|Any CPU
		{387766BA-1F2C-4359-974D-5C980BBC467B}.Release|x86.ActiveCfg = Release|x86
		{387766BA-1F2C-4359-974D-5C980BBC467B}.Release|x86.Build.0 = Release|x86
		{387766BA-1F2C-4359-974D-5C980BBC467B}.Release|x86.Deploy.0 = Release|x86
	EndGlobalSection
	GlobalSection(SolutionProperties) = preSolution
		HideSolutionNode = FALSE
	EndGlobalSection
EndGlobal
